
Microsoft Visual Studio Solution File, Format Version 12.00
# Visual Studio 15
VisualStudioVersion = 15.0.26730.16
MinimumVisualStudioVersion = 10.0.40219.1
Project("{FAE04EC0-301F-11D3-BF4B-00C04F79EFBC}") = "ZCalAPI", "ZCalAPI\ZCalAPI.csproj", "{5C447C1A-9194-47E5-A78F-5A4A9A8AC3AA}"
EndProject
Global
	GlobalSection(SolutionConfigurationPlatforms) = preSolution
		Debug|Any CPU = Debug|Any CPU
		Release|Any CPU = Release|Any CPU
	EndGlobalSection
	GlobalSection(ProjectConfigurationPlatforms) = postSolution
		{5C447C1A-9194-47E5-A78F-5A4A9A8AC3AA}.Debug|Any CPU.ActiveCfg = Debug|Any CPU
		{5C447C1A-9194-47E5-A78F-5A4A9A8AC3AA}.Debug|Any CPU.Build.0 = Debug|Any CPU
		{5C447C1A-9194-47E5-A78F-5A4A9A8AC3AA}.Release|Any CPU.ActiveCfg = Release|Any CPU
		{5C447C1A-9194-47E5-A78F-5A4A9A8AC3AA}.Release|Any CPU.Build.0 = Release|Any CPU
	EndGlobalSection
	GlobalSection(SolutionProperties) = preSolution
		HideSolutionNode = FALSE
	EndGlobalSection
	GlobalSection(ExtensibilityGlobals) = postSolution
		SolutionGuid = {23C223AE-BC56-48E5-90B6-4E8301475261}
	EndGlobalSection
EndGlobal
